
Microsoft Visual Studio Solution File, Format Version 12.00
# Visual Studio 15
VisualStudioVersion = 15.0.26730.16
MinimumVisualStudioVersion = 10.0.40219.1
Project("{FAE04EC0-301F-11D3-BF4B-00C04F79EFBC}") = "SecretSanta.Web", "SecretSanta.Web\SecretSanta.Web.csproj", "{5D420923-DC2D-44F0-B18F-4987277DA0CF}"
EndProject
Project("{FAE04EC0-301F-11D3-BF4B-00C04F79EFBC}") = "SecretSanta.Data", "SecretSanta.Data\SecretSanta.Data.csproj", "{79B57AB8-CDDB-4C7E-8657-2669A0AF3FD9}"
EndProject
Project("{FAE04EC0-301F-11D3-BF4B-00C04F79EFBC}") = "SecretSanta.Models", "SecretSanta.Models\SecretSanta.Models.csproj", "{C8DA9197-7CF9-44FF-B8FF-233AB4314CAC}"
EndProject
Project("{FAE04EC0-301F-11D3-BF4B-00C04F79EFBC}") = "SecretSanta.Factories", "SecretSanta.Factories\SecretSanta.Factories.csproj", "{5AA99FE9-1810-42A3-BEE3-2653A2F7CD6C}"
EndProject
Project("{FAE04EC0-301F-11D3-BF4B-00C04F79EFBC}") = "SecretSanta.Services", "SecretSanta.Services\SecretSanta.Services.csproj", "{429BDED1-C26D-44CF-B4BF-9ECA05BDD7B4}"
EndProject
Project("{FAE04EC0-301F-11D3-BF4B-00C04F79EFBC}") = "SecretSanta.Authentication", "SecretSanta.Authentication\SecretSanta.Authentication.csproj", "{78D8559A-0CFC-4EEB-BF24-13D79D0CF22D}"
EndProject
Project("{FAE04EC0-301F-11D3-BF4B-00C04F79EFBC}") = "SecretSanta.Providers", "SecretSanta.Providers\SecretSanta.Providers.csproj", "{A0FD612E-7264-4139-918A-AB171D286DFD}"
EndProject
Project("{FAE04EC0-301F-11D3-BF4B-00C04F79EFBC}") = "SecretSanta.Common", "SecretSanta.Common\SecretSanta.Common.csproj", "{95CDCE24-DC1D-4543-B6FF-BD4ED8395076}"
EndProject
Global
	GlobalSection(SolutionConfigurationPlatforms) = preSolution
		Debug|Any CPU = Debug|Any CPU
		Release|Any CPU = Release|Any CPU
	EndGlobalSection
	GlobalSection(ProjectConfigurationPlatforms) = postSolution
		{5D420923-DC2D-44F0-B18F-4987277DA0CF}.Debug|Any CPU.ActiveCfg = Debug|Any CPU
		{5D420923-DC2D-44F0-B18F-4987277DA0CF}.Debug|Any CPU.Build.0 = Debug|Any CPU
		{5D420923-DC2D-44F0-B18F-4987277DA0CF}.Release|Any CPU.ActiveCfg = Release|Any CPU
		{5D420923-DC2D-44F0-B18F-4987277DA0CF}.Release|Any CPU.Build.0 = Release|Any CPU
		{79B57AB8-CDDB-4C7E-8657-2669A0AF3FD9}.Debug|Any CPU.ActiveCfg = Debug|Any CPU
		{79B57AB8-CDDB-4C7E-8657-2669A0AF3FD9}.Debug|Any CPU.Build.0 = Debug|Any CPU
		{79B57AB8-CDDB-4C7E-8657-2669A0AF3FD9}.Release|Any CPU.ActiveCfg = Release|Any CPU
		{79B57AB8-CDDB-4C7E-8657-2669A0AF3FD9}.Release|Any CPU.Build.0 = Release|Any CPU
		{C8DA9197-7CF9-44FF-B8FF-233AB4314CAC}.Debug|Any CPU.ActiveCfg = Debug|Any CPU
		{C8DA9197-7CF9-44FF-B8FF-233AB4314CAC}.Debug|Any CPU.Build.0 = Debug|Any CPU
		{C8DA9197-7CF9-44FF-B8FF-233AB4314CAC}.Release|Any CPU.ActiveCfg = Release|Any CPU
		{C8DA9197-7CF9-44FF-B8FF-233AB4314CAC}.Release|Any CPU.Build.0 = Release|Any CPU
		{5AA99FE9-1810-42A3-BEE3-2653A2F7CD6C}.Debug|Any CPU.ActiveCfg = Debug|Any CPU
		{5AA99FE9-1810-42A3-BEE3-2653A2F7CD6C}.Debug|Any CPU.Build.0 = Debug|Any CPU
		{5AA99FE9-1810-42A3-BEE3-2653A2F7CD6C}.Release|Any CPU.ActiveCfg = Release|Any CPU
		{5AA99FE9-1810-42A3-BEE3-2653A2F7CD6C}.Release|Any CPU.Build.0 = Release|Any CPU
		{429BDED1-C26D-44CF-B4BF-9ECA05BDD7B4}.Debug|Any CPU.ActiveCfg = Debug|Any CPU
		{429BDED1-C26D-44CF-B4BF-9ECA05BDD7B4}.Debug|Any CPU.Build.0 = Debug|Any CPU
		{429BDED1-C26D-44CF-B4BF-9ECA05BDD7B4}.Release|Any CPU.ActiveCfg = Release|Any CPU
		{429BDED1-C26D-44CF-B4BF-9ECA05BDD7B4}.Release|Any CPU.Build.0 = Release|Any CPU
		{78D8559A-0CFC-4EEB-BF24-13D79D0CF22D}.Debug|Any CPU.ActiveCfg = Debug|Any CPU
		{78D8559A-0CFC-4EEB-BF24-13D79D0CF22D}.Debug|Any CPU.Build.0 = Debug|Any CPU
		{78D8559A-0CFC-4EEB-BF24-13D79D0CF22D}.Release|Any CPU.ActiveCfg = Release|Any CPU
		{78D8559A-0CFC-4EEB-BF24-13D79D0CF22D}.Release|Any CPU.Build.0 = Release|Any CPU
		{A0FD612E-7264-4139-918A-AB171D286DFD}.Debug|Any CPU.ActiveCfg = Debug|Any CPU
		{A0FD612E-7264-4139-918A-AB171D286DFD}.Debug|Any CPU.Build.0 = Debug|Any CPU
		{A0FD612E-7264-4139-918A-AB171D286DFD}.Release|Any CPU.ActiveCfg = Release|Any CPU
		{A0FD612E-7264-4139-918A-AB171D286DFD}.Release|Any CPU.Build.0 = Release|Any CPU
		{95CDCE24-DC1D-4543-B6FF-BD4ED8395076}.Debug|Any CPU.ActiveCfg = Debug|Any CPU
		{95CDCE24-DC1D-4543-B6FF-BD4ED8395076}.Debug|Any CPU.Build.0 = Debug|Any CPU
		{95CDCE24-DC1D-4543-B6FF-BD4ED8395076}.Release|Any CPU.ActiveCfg = Release|Any CPU
		{95CDCE24-DC1D-4543-B6FF-BD4ED8395076}.Release|Any CPU.Build.0 = Release|Any CPU
	EndGlobalSection
	GlobalSection(SolutionProperties) = preSolution
		HideSolutionNode = FALSE
	EndGlobalSection
	GlobalSection(ExtensibilityGlobals) = postSolution
		SolutionGuid = {59230781-BFC7-4970-94B2-8BF5094DCB09}
	EndGlobalSection
EndGlobal
